
Microsoft Visual Studio Solution File, Format Version 12.00
# Visual Studio Version 17
VisualStudioVersion = 17.1.32210.238
MinimumVisualStudioVersion = 10.0.40219.1
Project("{9A19103F-16F7-4668-BE54-9A1E7A4F7556}") = "AplicationMessanger", "AplicationMessanger\AplicationMessanger.csproj", "{B92AB975-278C-44C7-B540-D15E3CDEA73C}"
EndProject
Global
	GlobalSection(SolutionConfigurationPlatforms) = preSolution
		Debug|Any CPU = Debug|Any CPU
		Release|Any CPU = Release|Any CPU
	EndGlobalSection
	GlobalSection(ProjectConfigurationPlatforms) = postSolution
		{B92AB975-278C-44C7-B540-D15E3CDEA73C}.Debug|Any CPU.ActiveCfg = Debug|Any CPU
		{B92AB975-278C-44C7-B540-D15E3CDEA73C}.Debug|Any CPU.Build.0 = Debug|Any CPU
		{B92AB975-278C-44C7-B540-D15E3CDEA73C}.Release|Any CPU.ActiveCfg = Release|Any CPU
		{B92AB975-278C-44C7-B540-D15E3CDEA73C}.Release|Any CPU.Build.0 = Release|Any CPU
	EndGlobalSection
	GlobalSection(SolutionProperties) = preSolution
		HideSolutionNode = FALSE
	EndGlobalSection
	GlobalSection(ExtensibilityGlobals) = postSolution
		SolutionGuid = {69185CF5-4B41-46D8-BB5D-5F3F855EB465}
	EndGlobalSection
EndGlobal
